
Microsoft Visual Studio Solution File, Format Version 12.00
# Visual Studio Version 17
VisualStudioVersion = 17.10.34928.147
MinimumVisualStudioVersion = 10.0.40219.1
Project("{2150E333-8FDC-42A3-9474-1A3956D46DE8}") = "Core", "Core", "{DC41287B-9F97-4B98-813A-8A3AA28BF84B}"
EndProject
Project("{2150E333-8FDC-42A3-9474-1A3956D46DE8}") = "Inrastructure", "Inrastructure", "{53BC4820-2531-4D37-B56C-D9EF7A3C929C}"
EndProject
Project("{2150E333-8FDC-42A3-9474-1A3956D46DE8}") = "Presentation", "Presentation", "{E5DF57B7-CEFC-4B1E-BB98-CDF1A2E507DF}"
EndProject
Project("{FAE04EC0-301F-11D3-BF4B-00C04F79EFBC}") = "Tabr.Application", "Tabr.Application\Tabr.Application.csproj", "{BF1A33F5-11FC-451B-94B6-07FBB5195A38}"
EndProject
Project("{FAE04EC0-301F-11D3-BF4B-00C04F79EFBC}") = "Tabr.Domain", "Tabr.Domain\Tabr.Domain.csproj", "{8396F158-D0D6-4869-9A11-90A3CF59D83B}"
EndProject
Project("{FAE04EC0-301F-11D3-BF4B-00C04F79EFBC}") = "Tabr.Persistence", "Tabr.Persistence\Tabr.Persistence.csproj", "{F7423D0A-0E98-4E6D-884E-0EC5879B75E8}"
EndProject
Project("{FAE04EC0-301F-11D3-BF4B-00C04F79EFBC}") = "Tabr.WebApi", "Tabr.WebApi\Tabr.WebApi.csproj", "{420A6DB6-943B-4636-BCC5-2CCA7ADD5B3D}"
EndProject
Global
	GlobalSection(SolutionConfigurationPlatforms) = preSolution
		Debug|Any CPU = Debug|Any CPU
		Release|Any CPU = Release|Any CPU
	EndGlobalSection
	GlobalSection(ProjectConfigurationPlatforms) = postSolution
		{BF1A33F5-11FC-451B-94B6-07FBB5195A38}.Debug|Any CPU.ActiveCfg = Debug|Any CPU
		{BF1A33F5-11FC-451B-94B6-07FBB5195A38}.Debug|Any CPU.Build.0 = Debug|Any CPU
		{BF1A33F5-11FC-451B-94B6-07FBB5195A38}.Release|Any CPU.ActiveCfg = Release|Any CPU
		{BF1A33F5-11FC-451B-94B6-07FBB5195A38}.Release|Any CPU.Build.0 = Release|Any CPU
		{8396F158-D0D6-4869-9A11-90A3CF59D83B}.Debug|Any CPU.ActiveCfg = Debug|Any CPU
		{8396F158-D0D6-4869-9A11-90A3CF59D83B}.Debug|Any CPU.Build.0 = Debug|Any CPU
		{8396F158-D0D6-4869-9A11-90A3CF59D83B}.Release|Any CPU.ActiveCfg = Release|Any CPU
		{8396F158-D0D6-4869-9A11-90A3CF59D83B}.Release|Any CPU.Build.0 = Release|Any CPU
		{F7423D0A-0E98-4E6D-884E-0EC5879B75E8}.Debug|Any CPU.ActiveCfg = Debug|Any CPU
		{F7423D0A-0E98-4E6D-884E-0EC5879B75E8}.Debug|Any CPU.Build.0 = Debug|Any CPU
		{F7423D0A-0E98-4E6D-884E-0EC5879B75E8}.Release|Any CPU.ActiveCfg = Release|Any CPU
		{F7423D0A-0E98-4E6D-884E-0EC5879B75E8}.Release|Any CPU.Build.0 = Release|Any CPU
		{420A6DB6-943B-4636-BCC5-2CCA7ADD5B3D}.Debug|Any CPU.ActiveCfg = Debug|Any CPU
		{420A6DB6-943B-4636-BCC5-2CCA7ADD5B3D}.Debug|Any CPU.Build.0 = Debug|Any CPU
		{420A6DB6-943B-4636-BCC5-2CCA7ADD5B3D}.Release|Any CPU.ActiveCfg = Release|Any CPU
		{420A6DB6-943B-4636-BCC5-2CCA7ADD5B3D}.Release|Any CPU.Build.0 = Release|Any CPU
	EndGlobalSection
	GlobalSection(SolutionProperties) = preSolution
		HideSolutionNode = FALSE
	EndGlobalSection
	GlobalSection(NestedProjects) = preSolution
		{BF1A33F5-11FC-451B-94B6-07FBB5195A38} = {DC41287B-9F97-4B98-813A-8A3AA28BF84B}
		{8396F158-D0D6-4869-9A11-90A3CF59D83B} = {DC41287B-9F97-4B98-813A-8A3AA28BF84B}
		{F7423D0A-0E98-4E6D-884E-0EC5879B75E8} = {53BC4820-2531-4D37-B56C-D9EF7A3C929C}
		{420A6DB6-943B-4636-BCC5-2CCA7ADD5B3D} = {E5DF57B7-CEFC-4B1E-BB98-CDF1A2E507DF}
	EndGlobalSection
	GlobalSection(ExtensibilityGlobals) = postSolution
		SolutionGuid = {AEF6ABB1-528F-4291-980E-E831335A9B34}
	EndGlobalSection
EndGlobal
